
Microsoft Visual Studio Solution File, Format Version 12.00
# Visual Studio 15
VisualStudioVersion = 15.0.27130.2020
MinimumVisualStudioVersion = 10.0.40219.1
Project("{FAE04EC0-301F-11D3-BF4B-00C04F79EFBC}") = "Linq03.dz", "Linq03.dz\Linq03.dz.csproj", "{B9BBBA56-EB97-4275-9C81-E4718E179452}"
EndProject
Global
	GlobalSection(SolutionConfigurationPlatforms) = preSolution
		Debug|Any CPU = Debug|Any CPU
		Release|Any CPU = Release|Any CPU
	EndGlobalSection
	GlobalSection(ProjectConfigurationPlatforms) = postSolution
		{B9BBBA56-EB97-4275-9C81-E4718E179452}.Debug|Any CPU.ActiveCfg = Debug|Any CPU
		{B9BBBA56-EB97-4275-9C81-E4718E179452}.Debug|Any CPU.Build.0 = Debug|Any CPU
		{B9BBBA56-EB97-4275-9C81-E4718E179452}.Release|Any CPU.ActiveCfg = Release|Any CPU
		{B9BBBA56-EB97-4275-9C81-E4718E179452}.Release|Any CPU.Build.0 = Release|Any CPU
	EndGlobalSection
	GlobalSection(SolutionProperties) = preSolution
		HideSolutionNode = FALSE
	EndGlobalSection
	GlobalSection(ExtensibilityGlobals) = postSolution
		SolutionGuid = {1F782204-F931-4CB7-A393-32346A6E3D4F}
	EndGlobalSection
EndGlobal
